
Microsoft Visual Studio Solution File, Format Version 12.00
Project("{FAE04EC0-301F-11D3-BF4B-00C04F79EFBC}") = "JPP_Zadania", "JPP_Zadania\JPP_Zadania.csproj", "{A72B2B54-A386-416C-963E-5A37C2A2038D}"
EndProject
Project("{FAE04EC0-301F-11D3-BF4B-00C04F79EFBC}") = "Zadanie1", "Zadanie1\Zadanie1.csproj", "{C1CFA612-1916-4052-987B-4CEDAFE8A6EE}"
EndProject
Project("{FAE04EC0-301F-11D3-BF4B-00C04F79EFBC}") = "Zadanie2", "Zadanie2\Zadanie2.csproj", "{58D58BCC-A992-49D9-A5BD-CBB019DD8A76}"
EndProject
Project("{FAE04EC0-301F-11D3-BF4B-00C04F79EFBC}") = "Zadanie4", "Zadanie4\Zadanie4.csproj", "{4EAF304D-9AC1-4E54-A81C-510CFABC1538}"
EndProject
Global
	GlobalSection(SolutionConfigurationPlatforms) = preSolution
		Debug|Any CPU = Debug|Any CPU
		Release|Any CPU = Release|Any CPU
	EndGlobalSection
	GlobalSection(ProjectConfigurationPlatforms) = postSolution
		{A72B2B54-A386-416C-963E-5A37C2A2038D}.Debug|Any CPU.ActiveCfg = Debug|Any CPU
		{A72B2B54-A386-416C-963E-5A37C2A2038D}.Debug|Any CPU.Build.0 = Debug|Any CPU
		{A72B2B54-A386-416C-963E-5A37C2A2038D}.Release|Any CPU.ActiveCfg = Release|Any CPU
		{A72B2B54-A386-416C-963E-5A37C2A2038D}.Release|Any CPU.Build.0 = Release|Any CPU
		{C1CFA612-1916-4052-987B-4CEDAFE8A6EE}.Debug|Any CPU.ActiveCfg = Debug|Any CPU
		{C1CFA612-1916-4052-987B-4CEDAFE8A6EE}.Debug|Any CPU.Build.0 = Debug|Any CPU
		{C1CFA612-1916-4052-987B-4CEDAFE8A6EE}.Release|Any CPU.ActiveCfg = Release|Any CPU
		{C1CFA612-1916-4052-987B-4CEDAFE8A6EE}.Release|Any CPU.Build.0 = Release|Any CPU
		{58D58BCC-A992-49D9-A5BD-CBB019DD8A76}.Debug|Any CPU.ActiveCfg = Debug|Any CPU
		{58D58BCC-A992-49D9-A5BD-CBB019DD8A76}.Debug|Any CPU.Build.0 = Debug|Any CPU
		{58D58BCC-A992-49D9-A5BD-CBB019DD8A76}.Release|Any CPU.ActiveCfg = Release|Any CPU
		{58D58BCC-A992-49D9-A5BD-CBB019DD8A76}.Release|Any CPU.Build.0 = Release|Any CPU
		{4EAF304D-9AC1-4E54-A81C-510CFABC1538}.Debug|Any CPU.ActiveCfg = Debug|Any CPU
		{4EAF304D-9AC1-4E54-A81C-510CFABC1538}.Debug|Any CPU.Build.0 = Debug|Any CPU
		{4EAF304D-9AC1-4E54-A81C-510CFABC1538}.Release|Any CPU.ActiveCfg = Release|Any CPU
		{4EAF304D-9AC1-4E54-A81C-510CFABC1538}.Release|Any CPU.Build.0 = Release|Any CPU
	EndGlobalSection
EndGlobal
